# THIS IS AN AUTOGENERATED FILE. DO NOT EDIT THIS FILE DIRECTLY.
# yarn lockfile v1


"@babel/parser@^7.16.4":
  "integrity" "sha512-7yJPvPV+ESz2IUTPbOL+YkIGyCqOyNIzdguKQuJGnH7bg1WTIifuM21YqokFt/THWh1AkCRn9IgoykTRCBVpzA=="
  "resolved" "https://registry.npmmirror.com/@babel/parser/-/parser-7.17.3.tgz"
  "version" "7.17.3"

"@vitejs/plugin-vue@^2.2.0":
  "integrity" "sha512-wXigM1EwN2G7rZcwG6kLk9ivvIMhx2363tCEvMBiXcTu5nePM/12hUPVzPb83Uugt6U+zom1gTpJopi/Ow/jwg=="
  "resolved" "https://registry.npmmirror.com/@vitejs/plugin-vue/-/plugin-vue-2.2.0.tgz"
  "version" "2.2.0"

"@vue/compiler-core@3.2.31":
  "integrity" "sha512-aKno00qoA4o+V/kR6i/pE+aP+esng5siNAVQ422TkBNM6qA4veXiZbSe8OTXHXquEi/f6Akc+nLfB4JGfe4/WQ=="
  "resolved" "https://registry.npmmirror.com/@vue/compiler-core/-/compiler-core-3.2.31.tgz"
  "version" "3.2.31"
  dependencies:
    "@babel/parser" "^7.16.4"
    "@vue/shared" "3.2.31"
    "estree-walker" "^2.0.2"
    "source-map" "^0.6.1"

"@vue/compiler-dom@3.2.31":
  "integrity" "sha512-60zIlFfzIDf3u91cqfqy9KhCKIJgPeqxgveH2L+87RcGU/alT6BRrk5JtUso0OibH3O7NXuNOQ0cDc9beT0wrg=="
  "resolved" "https://registry.npmmirror.com/@vue/compiler-dom/-/compiler-dom-3.2.31.tgz"
  "version" "3.2.31"
  dependencies:
    "@vue/compiler-core" "3.2.31"
    "@vue/shared" "3.2.31"

"@vue/compiler-sfc@3.2.31":
  "integrity" "sha512-748adc9msSPGzXgibHiO6T7RWgfnDcVQD+VVwYgSsyyY8Ans64tALHZANrKtOzvkwznV/F4H7OAod/jIlp/dkQ=="
  "resolved" "https://registry.npmmirror.com/@vue/compiler-sfc/-/compiler-sfc-3.2.31.tgz"
  "version" "3.2.31"
  dependencies:
    "@babel/parser" "^7.16.4"
    "@vue/compiler-core" "3.2.31"
    "@vue/compiler-dom" "3.2.31"
    "@vue/compiler-ssr" "3.2.31"
    "@vue/reactivity-transform" "3.2.31"
    "@vue/shared" "3.2.31"
    "estree-walker" "^2.0.2"
    "magic-string" "^0.25.7"
    "postcss" "^8.1.10"
    "source-map" "^0.6.1"

"@vue/compiler-ssr@3.2.31":
  "integrity" "sha512-mjN0rqig+A8TVDnsGPYJM5dpbjlXeHUm2oZHZwGyMYiGT/F4fhJf/cXy8QpjnLQK4Y9Et4GWzHn9PS8AHUnSkw=="
  "resolved" "https://registry.npmmirror.com/@vue/compiler-ssr/-/compiler-ssr-3.2.31.tgz"
  "version" "3.2.31"
  dependencies:
    "@vue/compiler-dom" "3.2.31"
    "@vue/shared" "3.2.31"

"@vue/devtools-api@^6.0.0-beta.11", "@vue/devtools-api@^6.0.0-beta.18":
  "integrity" "sha512-iO/4FIezHKXhiDBdKySCvJVh8/mZPxHpiQrTy+PXVqJZgpTPTdHy4q8GXulaY+UKEagdkBb0onxNQZ0LNiqVhw=="
  "resolved" "https://registry.npmmirror.com/@vue/devtools-api/-/devtools-api-6.0.12.tgz"
  "version" "6.0.12"

"@vue/reactivity-transform@3.2.31":
  "integrity" "sha512-uS4l4z/W7wXdI+Va5pgVxBJ345wyGFKvpPYtdSgvfJfX/x2Ymm6ophQlXXB6acqGHtXuBqNyyO3zVp9b1r0MOA=="
  "resolved" "https://registry.npmmirror.com/@vue/reactivity-transform/-/reactivity-transform-3.2.31.tgz"
  "version" "3.2.31"
  dependencies:
    "@babel/parser" "^7.16.4"
    "@vue/compiler-core" "3.2.31"
    "@vue/shared" "3.2.31"
    "estree-walker" "^2.0.2"
    "magic-string" "^0.25.7"

"@vue/reactivity@3.2.31":
  "integrity" "sha512-HVr0l211gbhpEKYr2hYe7hRsV91uIVGFYNHj73njbARVGHQvIojkImKMaZNDdoDZOIkMsBc9a1sMqR+WZwfSCw=="
  "resolved" "https://registry.npmmirror.com/@vue/reactivity/-/reactivity-3.2.31.tgz"
  "version" "3.2.31"
  dependencies:
    "@vue/shared" "3.2.31"

"@vue/runtime-core@3.2.31":
  "integrity" "sha512-Kcog5XmSY7VHFEMuk4+Gap8gUssYMZ2+w+cmGI6OpZWYOEIcbE0TPzzPHi+8XTzAgx1w/ZxDFcXhZeXN5eKWsA=="
  "resolved" "https://registry.npmmirror.com/@vue/runtime-core/-/runtime-core-3.2.31.tgz"
  "version" "3.2.31"
  dependencies:
    "@vue/reactivity" "3.2.31"
    "@vue/shared" "3.2.31"

"@vue/runtime-dom@3.2.31":
  "integrity" "sha512-N+o0sICVLScUjfLG7u9u5XCjvmsexAiPt17GNnaWHJUfsKed5e85/A3SWgKxzlxx2SW/Hw7RQxzxbXez9PtY3g=="
  "resolved" "https://registry.npmmirror.com/@vue/runtime-dom/-/runtime-dom-3.2.31.tgz"
  "version" "3.2.31"
  dependencies:
    "@vue/runtime-core" "3.2.31"
    "@vue/shared" "3.2.31"
    "csstype" "^2.6.8"

"@vue/server-renderer@3.2.31":
  "integrity" "sha512-8CN3Zj2HyR2LQQBHZ61HexF5NReqngLT3oahyiVRfSSvak+oAvVmu8iNLSu6XR77Ili2AOpnAt1y8ywjjqtmkg=="
  "resolved" "https://registry.npmmirror.com/@vue/server-renderer/-/server-renderer-3.2.31.tgz"
  "version" "3.2.31"
  dependencies:
    "@vue/compiler-ssr" "3.2.31"
    "@vue/shared" "3.2.31"

"@vue/shared@3.2.31":
  "integrity" "sha512-ymN2pj6zEjiKJZbrf98UM2pfDd6F2H7ksKw7NDt/ZZ1fh5Ei39X5tABugtT03ZRlWd9imccoK0hE8hpjpU7irQ=="
  "resolved" "https://registry.npmmirror.com/@vue/shared/-/shared-3.2.31.tgz"
  "version" "3.2.31"

"csstype@^2.6.8":
  "integrity" "sha512-ZVxXaNy28/k3kJg0Fou5MiYpp88j7H9hLZp8PDC3jV0WFjfH5E9xHb56L0W59cPbKbcHXeP4qyT8PrHp8t6LcQ=="
  "resolved" "https://registry.npmmirror.com/csstype/-/csstype-2.6.19.tgz"
  "version" "2.6.19"

"esbuild-windows-64@0.14.22":
  "integrity" "sha512-AxjIDcOmx17vr31C5hp20HIwz1MymtMjKqX4qL6whPj0dT9lwxPexmLj6G1CpR3vFhui6m75EnBEe4QL82SYqw=="
  "resolved" "https://registry.npmmirror.com/esbuild-windows-64/-/esbuild-windows-64-0.14.22.tgz"
  "version" "0.14.22"

"esbuild@^0.14.14":
  "integrity" "sha512-CjFCFGgYtbFOPrwZNJf7wsuzesx8kqwAffOlbYcFDLFuUtP8xloK1GH+Ai13Qr0RZQf9tE7LMTHJ2iVGJ1SKZA=="
  "resolved" "https://registry.npmmirror.com/esbuild/-/esbuild-0.14.22.tgz"
  "version" "0.14.22"
  optionalDependencies:
    "esbuild-android-arm64" "0.14.22"
    "esbuild-darwin-64" "0.14.22"
    "esbuild-darwin-arm64" "0.14.22"
    "esbuild-freebsd-64" "0.14.22"
    "esbuild-freebsd-arm64" "0.14.22"
    "esbuild-linux-32" "0.14.22"
    "esbuild-linux-64" "0.14.22"
    "esbuild-linux-arm" "0.14.22"
    "esbuild-linux-arm64" "0.14.22"
    "esbuild-linux-mips64le" "0.14.22"
    "esbuild-linux-ppc64le" "0.14.22"
    "esbuild-linux-riscv64" "0.14.22"
    "esbuild-linux-s390x" "0.14.22"
    "esbuild-netbsd-64" "0.14.22"
    "esbuild-openbsd-64" "0.14.22"
    "esbuild-sunos-64" "0.14.22"
    "esbuild-windows-32" "0.14.22"
    "esbuild-windows-64" "0.14.22"
    "esbuild-windows-arm64" "0.14.22"

"estree-walker@^2.0.2":
  "integrity" "sha512-Rfkk/Mp/DL7JVje3u18FxFujQlTNR2q6QfMSMB7AvCBx91NGj/ba3kCfza0f6dVDbw7YlRf/nDrn7pQrCCyQ/w=="
  "resolved" "https://registry.npmmirror.com/estree-walker/-/estree-walker-2.0.2.tgz"
  "version" "2.0.2"

"function-bind@^1.1.1":
  "integrity" "sha512-yIovAzMX49sF8Yl58fSCWJ5svSLuaibPxXQJFLmBObTuCr0Mf1KiPopGM9NiFjiYBCbfaa2Fh6breQ6ANVTI0A=="
  "resolved" "https://registry.npmmirror.com/function-bind/-/function-bind-1.1.1.tgz"
  "version" "1.1.1"

"has@^1.0.3":
  "integrity" "sha512-f2dvO0VU6Oej7RkWJGrehjbzMAjFp5/VKPp5tTpWIV4JHHZK1/BxbFRtf/siA2SWTe09caDmVtYYzWEIbBS4zw=="
  "resolved" "https://registry.npmmirror.com/has/-/has-1.0.3.tgz"
  "version" "1.0.3"
  dependencies:
    "function-bind" "^1.1.1"

"is-core-module@^2.8.1":
  "integrity" "sha512-SdNCUs284hr40hFTFP6l0IfZ/RSrMXF3qgoRHd3/79unUTvrFO/JoXwkGm+5J/Oe3E/b5GsnG330uUNgRpu1PA=="
  "resolved" "https://registry.npmmirror.com/is-core-module/-/is-core-module-2.8.1.tgz"
  "version" "2.8.1"
  dependencies:
    "has" "^1.0.3"

"magic-string@^0.25.7":
  "integrity" "sha512-4CrMT5DOHTDk4HYDlzmwu4FVCcIYI8gauveasrdCu2IKIFOJ3f0v/8MDGJCDL9oD2ppz/Av1b0Nj345H9M+XIA=="
  "resolved" "https://registry.npmmirror.com/magic-string/-/magic-string-0.25.7.tgz"
  "version" "0.25.7"
  dependencies:
    "sourcemap-codec" "^1.4.4"

"nanoid@^3.2.0":
  "integrity" "sha512-n6Vs/3KGyxPQd6uO0eH4Bv0ojGSUvuLlIHtC3Y0kEO23YRge8H9x1GCzLn28YX0H66pMkxuaeESFq4tKISKwdw=="
  "resolved" "https://registry.npmmirror.com/nanoid/-/nanoid-3.3.1.tgz"
  "version" "3.3.1"

"path-parse@^1.0.7":
  "integrity" "sha512-LDJzPVEEEPR+y48z93A0Ed0yXb8pAByGWo/k5YYdYgpY2/2EsOsksJrq7lOHxryrVOn1ejG6oAp8ahvOIQD8sw=="
  "resolved" "https://registry.npmmirror.com/path-parse/-/path-parse-1.0.7.tgz"
  "version" "1.0.7"

"picocolors@^1.0.0":
  "integrity" "sha512-1fygroTLlHu66zi26VoTDv8yRgm0Fccecssto+MhsZ0D/DGW2sm8E8AjW7NU5VVTRt5GxbeZ5qBuJr+HyLYkjQ=="
  "resolved" "https://registry.npmmirror.com/picocolors/-/picocolors-1.0.0.tgz"
  "version" "1.0.0"

"postcss@^8.1.10", "postcss@^8.4.6":
  "integrity" "sha512-OovjwIzs9Te46vlEx7+uXB0PLijpwjXGKXjVGGPIGubGpq7uh5Xgf6D6FiJ/SzJMBosHDp6a2hiXOS97iBXcaA=="
  "resolved" "https://registry.npmmirror.com/postcss/-/postcss-8.4.6.tgz"
  "version" "8.4.6"
  dependencies:
    "nanoid" "^3.2.0"
    "picocolors" "^1.0.0"
    "source-map-js" "^1.0.2"

"resolve@^1.22.0":
  "integrity" "sha512-Hhtrw0nLeSrFQ7phPp4OOcVjLPIeMnRlr5mcnVuMe7M/7eBn98A3hmFRLoFo3DLZkivSYwhRUJTyPyWAk56WLw=="
  "resolved" "https://registry.npmmirror.com/resolve/-/resolve-1.22.0.tgz"
  "version" "1.22.0"
  dependencies:
    "is-core-module" "^2.8.1"
    "path-parse" "^1.0.7"
    "supports-preserve-symlinks-flag" "^1.0.0"

"rollup@^2.59.0":
  "integrity" "sha512-G/x1vUwbGtP6O5ZM8/sWr8+p7YfZhI18pPqMRtMYMWSbHjKZ/ajHGiM+GWNTlWyOR0EHIdT8LHU+Z4ciIZ1oBw=="
  "resolved" "https://registry.npmmirror.com/rollup/-/rollup-2.67.3.tgz"
  "version" "2.67.3"
  optionalDependencies:
    "fsevents" "~2.3.2"

"source-map-js@^1.0.2":
  "integrity" "sha512-R0XvVJ9WusLiqTCEiGCmICCMplcCkIwwR11mOSD9CR5u+IXYdiseeEuXCVAjS54zqwkLcPNnmU4OeJ6tUrWhDw=="
  "resolved" "https://registry.npmmirror.com/source-map-js/-/source-map-js-1.0.2.tgz"
  "version" "1.0.2"

"source-map@^0.6.1":
  "integrity" "sha512-UjgapumWlbMhkBgzT7Ykc5YXUT46F0iKu8SGXq0bcwP5dz/h0Plj6enJqjz1Zbq2l5WaqYnrVbwWOWMyF3F47g=="
  "resolved" "https://registry.npmmirror.com/source-map/-/source-map-0.6.1.tgz"
  "version" "0.6.1"

"sourcemap-codec@^1.4.4":
  "integrity" "sha512-9NykojV5Uih4lgo5So5dtw+f0JgJX30KCNI8gwhz2J9A15wD0Ml6tjHKwf6fTSa6fAdVBdZeNOs9eJ71qCk8vA=="
  "resolved" "https://registry.npmmirror.com/sourcemap-codec/-/sourcemap-codec-1.4.8.tgz"
  "version" "1.4.8"

"supports-preserve-symlinks-flag@^1.0.0":
  "integrity" "sha512-ot0WnXS9fgdkgIcePe6RHNk1WA8+muPa6cSjeR3V8K27q9BB1rTE3R1p7Hv0z1ZyAc8s6Vvv8DIyWf681MAt0w=="
  "resolved" "https://registry.npmmirror.com/supports-preserve-symlinks-flag/-/supports-preserve-symlinks-flag-1.0.0.tgz"
  "version" "1.0.0"

"three@^0.137.5":
  "integrity" "sha512-rTyr+HDFxjnN8+N/guZjDgfVxgHptZQpf6xfL/Mo7a5JYIFwK6tAq3bzxYYB4Ae0RosDZlDuP+X5aXDXz+XnHQ=="
  "resolved" "https://registry.npmmirror.com/three/-/three-0.137.5.tgz"
  "version" "0.137.5"

"vite@^2.5.10", "vite@^2.8.0":
  "integrity" "sha512-GwtOkkaT2LDI82uWZKcrpRQxP5tymLnC7hVHHqNkhFNknYr0hJUlDLfhVRgngJvAy3RwypkDCWtTKn1BjO96Dw=="
  "resolved" "https://registry.npmmirror.com/vite/-/vite-2.8.4.tgz"
  "version" "2.8.4"
  dependencies:
    "esbuild" "^0.14.14"
    "postcss" "^8.4.6"
    "resolve" "^1.22.0"
    "rollup" "^2.59.0"
  optionalDependencies:
    "fsevents" "~2.3.2"

"vue-router@^4.0.12":
  "integrity" "sha512-CPXvfqe+mZLB1kBWssssTiWg4EQERyqJZes7USiqfW9B5N2x+nHlnsM1D3b5CaJ6qgCvMmYJnz+G0iWjNCvXrg=="
  "resolved" "https://registry.npmmirror.com/vue-router/-/vue-router-4.0.12.tgz"
  "version" "4.0.12"
  dependencies:
    "@vue/devtools-api" "^6.0.0-beta.18"

"vue@^3.0.0", "vue@^3.0.2", "vue@^3.2.25", "vue@3.2.31":
  "integrity" "sha512-odT3W2tcffTiQCy57nOT93INw1auq5lYLLYtWpPYQQYQOOdHiqFct9Xhna6GJ+pJQaF67yZABraH47oywkJgFw=="
  "resolved" "https://registry.npmmirror.com/vue/-/vue-3.2.31.tgz"
  "version" "3.2.31"
  dependencies:
    "@vue/compiler-dom" "3.2.31"
    "@vue/compiler-sfc" "3.2.31"
    "@vue/runtime-dom" "3.2.31"
    "@vue/server-renderer" "3.2.31"
    "@vue/shared" "3.2.31"

"vuex@^4.0.2":
  "integrity" "sha512-M6r8uxELjZIK8kTKDGgZTYX/ahzblnzC4isU1tpmEuOIIKmV+TRdc+H4s8ds2NuZ7wpUTdGRzJRtoj+lI+pc0Q=="
  "resolved" "https://registry.npmmirror.com/vuex/-/vuex-4.0.2.tgz"
  "version" "4.0.2"
  dependencies:
    "@vue/devtools-api" "^6.0.0-beta.11"
